
Microsoft Visual Studio Solution File, Format Version 12.00
# Visual Studio Version 16
VisualStudioVersion = 16.0.29806.167
MinimumVisualStudioVersion = 10.0.40219.1
Project("{9A19103F-16F7-4668-BE54-9A1E7A4F7556}") = "DependencyInjection", "Dazinator.Extensions.DependencyInjection\DependencyInjection.csproj", "{E63A2735-67E5-470E-AEC5-49DE18411ABB}"
EndProject
Project("{9A19103F-16F7-4668-BE54-9A1E7A4F7556}") = "DependencyInjection.Tests", "Dazinator.Extensions.DependencyInjection.Tests\DependencyInjection.Tests.csproj", "{EB700C30-A2D5-492C-BFC0-271A6C2F0681}"
EndProject
Project("{2150E333-8FDC-42A3-9474-1A3956D46DE8}") = "Solution Items", "Solution Items", "{12078179-A569-4A33-A6D6-9AB7E09EE8EA}"
	ProjectSection(SolutionItems) = preProject
		.editorconfig = .editorconfig
		..\appveyor.yml = ..\appveyor.yml
		..\azure-pipelines.yml = ..\azure-pipelines.yml
		Directory.Build.props = Directory.Build.props
		global.json = global.json
		..\README.md = ..\README.md
	EndProjectSection
EndProject
Project("{9A19103F-16F7-4668-BE54-9A1E7A4F7556}") = "DependencyInjection.ChildServiceProvider", "Dazinator.Extensions.DependencyInjection.ChildServiceProvider\DependencyInjection.ChildServiceProvider.csproj", "{E0931F4E-1930-43E7-9F3B-27F24ED29A05}"
EndProject
Global
	GlobalSection(SolutionConfigurationPlatforms) = preSolution
		Debug|Any CPU = Debug|Any CPU
		Release|Any CPU = Release|Any CPU
	EndGlobalSection
	GlobalSection(ProjectConfigurationPlatforms) = postSolution
		{E63A2735-67E5-470E-AEC5-49DE18411ABB}.Debug|Any CPU.ActiveCfg = Debug|Any CPU
		{E63A2735-67E5-470E-AEC5-49DE18411ABB}.Debug|Any CPU.Build.0 = Debug|Any CPU
		{E63A2735-67E5-470E-AEC5-49DE18411ABB}.Release|Any CPU.ActiveCfg = Release|Any CPU
		{E63A2735-67E5-470E-AEC5-49DE18411ABB}.Release|Any CPU.Build.0 = Release|Any CPU
		{EB700C30-A2D5-492C-BFC0-271A6C2F0681}.Debug|Any CPU.ActiveCfg = Debug|Any CPU
		{EB700C30-A2D5-492C-BFC0-271A6C2F0681}.Debug|Any CPU.Build.0 = Debug|Any CPU
		{EB700C30-A2D5-492C-BFC0-271A6C2F0681}.Release|Any CPU.ActiveCfg = Release|Any CPU
		{EB700C30-A2D5-492C-BFC0-271A6C2F0681}.Release|Any CPU.Build.0 = Release|Any CPU
		{E0931F4E-1930-43E7-9F3B-27F24ED29A05}.Debug|Any CPU.ActiveCfg = Debug|Any CPU
		{E0931F4E-1930-43E7-9F3B-27F24ED29A05}.Debug|Any CPU.Build.0 = Debug|Any CPU
		{E0931F4E-1930-43E7-9F3B-27F24ED29A05}.Release|Any CPU.ActiveCfg = Release|Any CPU
		{E0931F4E-1930-43E7-9F3B-27F24ED29A05}.Release|Any CPU.Build.0 = Release|Any CPU
	EndGlobalSection
	GlobalSection(SolutionProperties) = preSolution
		HideSolutionNode = FALSE
	EndGlobalSection
	GlobalSection(ExtensibilityGlobals) = postSolution
		SolutionGuid = {D352F0FC-2217-44DF-8ABB-4D51C5D45D90}
	EndGlobalSection
EndGlobal
