
Microsoft Visual Studio Solution File, Format Version 12.00
# Visual Studio Version 16
VisualStudioVersion = 16.0.29806.167
MinimumVisualStudioVersion = 10.0.40219.1
Project("{2150E333-8FDC-42A3-9474-1A3956D46DE8}") = "Solution Items", "Solution Items", "{12078179-A569-4A33-A6D6-9AB7E09EE8EA}"
	ProjectSection(SolutionItems) = preProject
		.editorconfig = .editorconfig
		..\appveyor.yml = ..\appveyor.yml
		..\azure-pipelines.yml = ..\azure-pipelines.yml
		Directory.Build.props = Directory.Build.props
		global.json = global.json
		..\README.md = ..\README.md
	EndProjectSection
EndProject
Project("{9A19103F-16F7-4668-BE54-9A1E7A4F7556}") = "DependencyInjection.NamedServices", "DependencyInjection.NamedServices\DependencyInjection.NamedServices.csproj", "{1CB797D1-F85B-4140-A96E-8C45A60C2CD6}"
EndProject
Project("{9A19103F-16F7-4668-BE54-9A1E7A4F7556}") = "DependencyInjection.ChildContainers", "DependencyInjection.ChildContainers\DependencyInjection.ChildContainers.csproj", "{8AF90A5C-6D73-4127-A05B-488F66382AD9}"
EndProject
Project("{9A19103F-16F7-4668-BE54-9A1E7A4F7556}") = "DependencyInjection.Tests", "DependencyInjection.Tests\DependencyInjection.Tests.csproj", "{BB2EB432-B337-4CD4-BBBD-2B8B299DFC81}"
EndProject
Project("{9A19103F-16F7-4668-BE54-9A1E7A4F7556}") = "Sample.ChildContainers.RazorPages", "Sample.RazorPages\Sample.ChildContainers.RazorPages.csproj", "{2AC3041F-8AE9-4BD6-AC2D-6A35AA8DE271}"
EndProject
Project("{9A19103F-16F7-4668-BE54-9A1E7A4F7556}") = "DependencyInjection", "DependencyInjection\DependencyInjection.csproj", "{F7F4FBF5-036C-4F6E-A2C0-8EE36A971264}"
EndProject
Global
	GlobalSection(SolutionConfigurationPlatforms) = preSolution
		Debug|Any CPU = Debug|Any CPU
		Release|Any CPU = Release|Any CPU
	EndGlobalSection
	GlobalSection(ProjectConfigurationPlatforms) = postSolution
		{1CB797D1-F85B-4140-A96E-8C45A60C2CD6}.Debug|Any CPU.ActiveCfg = Debug|Any CPU
		{1CB797D1-F85B-4140-A96E-8C45A60C2CD6}.Debug|Any CPU.Build.0 = Debug|Any CPU
		{1CB797D1-F85B-4140-A96E-8C45A60C2CD6}.Release|Any CPU.ActiveCfg = Release|Any CPU
		{1CB797D1-F85B-4140-A96E-8C45A60C2CD6}.Release|Any CPU.Build.0 = Release|Any CPU
		{8AF90A5C-6D73-4127-A05B-488F66382AD9}.Debug|Any CPU.ActiveCfg = Debug|Any CPU
		{8AF90A5C-6D73-4127-A05B-488F66382AD9}.Debug|Any CPU.Build.0 = Debug|Any CPU
		{8AF90A5C-6D73-4127-A05B-488F66382AD9}.Release|Any CPU.ActiveCfg = Release|Any CPU
		{8AF90A5C-6D73-4127-A05B-488F66382AD9}.Release|Any CPU.Build.0 = Release|Any CPU
		{BB2EB432-B337-4CD4-BBBD-2B8B299DFC81}.Debug|Any CPU.ActiveCfg = Debug|Any CPU
		{BB2EB432-B337-4CD4-BBBD-2B8B299DFC81}.Debug|Any CPU.Build.0 = Debug|Any CPU
		{BB2EB432-B337-4CD4-BBBD-2B8B299DFC81}.Release|Any CPU.ActiveCfg = Release|Any CPU
		{BB2EB432-B337-4CD4-BBBD-2B8B299DFC81}.Release|Any CPU.Build.0 = Release|Any CPU
		{2AC3041F-8AE9-4BD6-AC2D-6A35AA8DE271}.Debug|Any CPU.ActiveCfg = Debug|Any CPU
		{2AC3041F-8AE9-4BD6-AC2D-6A35AA8DE271}.Debug|Any CPU.Build.0 = Debug|Any CPU
		{2AC3041F-8AE9-4BD6-AC2D-6A35AA8DE271}.Release|Any CPU.ActiveCfg = Release|Any CPU
		{2AC3041F-8AE9-4BD6-AC2D-6A35AA8DE271}.Release|Any CPU.Build.0 = Release|Any CPU
		{F7F4FBF5-036C-4F6E-A2C0-8EE36A971264}.Debug|Any CPU.ActiveCfg = Debug|Any CPU
		{F7F4FBF5-036C-4F6E-A2C0-8EE36A971264}.Debug|Any CPU.Build.0 = Debug|Any CPU
		{F7F4FBF5-036C-4F6E-A2C0-8EE36A971264}.Release|Any CPU.ActiveCfg = Release|Any CPU
		{F7F4FBF5-036C-4F6E-A2C0-8EE36A971264}.Release|Any CPU.Build.0 = Release|Any CPU
	EndGlobalSection
	GlobalSection(SolutionProperties) = preSolution
		HideSolutionNode = FALSE
	EndGlobalSection
	GlobalSection(ExtensibilityGlobals) = postSolution
		SolutionGuid = {D352F0FC-2217-44DF-8ABB-4D51C5D45D90}
	EndGlobalSection
EndGlobal
